{
  "name": "adif-pb",
  "version": "0.0.8",
  "lockfileVersion": 2,
  "requires": true,
  "packages": {
    "": {
      "name": "adif-pb",
      "version": "0.0.8",
      "license": "Apache-2.0",
      "dependencies": {
        "@types/google-protobuf": "3.15.3",
        "google-protobuf": "3.17.3"
      }
    },
    "node_modules/@types/google-protobuf": {
      "version": "3.15.3",
      "resolved": "https://registry.npmjs.org/@types/google-protobuf/-/google-protobuf-3.15.3.tgz",
      "integrity": "sha512-MDpu7lit927cdLtBzTPUFjXGANFUnu5ThPqjygY8XmCyI/oDlIA0jAi4sffGOxYaLK2CCxAuU9wGxsgAQbA6FQ=="
    },
    "node_modules/google-protobuf": {
      "version": "3.17.3",
      "resolved": "https://registry.npmjs.org/google-protobuf/-/google-protobuf-3.17.3.tgz",
      "integrity": "sha512-OVPzcSWIAJ+d5yiHyeaLrdufQtrvaBrF4JQg+z8ynTkbO3uFcujqXszTumqg1cGsAsjkWnI+M5B1xZ19yR4Wyg=="
    }
  },
  "dependencies": {
    "@types/google-protobuf": {
      "version": "3.15.3",
      "resolved": "https://registry.npmjs.org/@types/google-protobuf/-/google-protobuf-3.15.3.tgz",
      "integrity": "sha512-MDpu7lit927cdLtBzTPUFjXGANFUnu5ThPqjygY8XmCyI/oDlIA0jAi4sffGOxYaLK2CCxAuU9wGxsgAQbA6FQ=="
    },
    "google-protobuf": {
      "version": "3.17.3",
      "resolved": "https://registry.npmjs.org/google-protobuf/-/google-protobuf-3.17.3.tgz",
      "integrity": "sha512-OVPzcSWIAJ+d5yiHyeaLrdufQtrvaBrF4JQg+z8ynTkbO3uFcujqXszTumqg1cGsAsjkWnI+M5B1xZ19yR4Wyg=="
    }
  }
}
