{
  "name": "adif-pb",
  "version": "0.0.8",
  "lockfileVersion": 2,
  "requires": true,
  "packages": {
    "": {
      "name": "adif-pb",
      "version": "0.0.8",
      "license": "Apache-2.0",
      "dependencies": {
        "@types/google-protobuf": "3.15.2",
        "google-protobuf": "3.17.3"
      }
    },
    "node_modules/@types/google-protobuf": {
      "version": "3.15.2",
      "resolved": "https://registry.npmjs.org/@types/google-protobuf/-/google-protobuf-3.15.2.tgz",
      "integrity": "sha512-ubeqvw7sl6CdgeiIilsXB2jIFoD/D0F+/LIEp7xEBEXRNtDJcf05FRINybsJtL7GlkWOUVn6gJs2W9OF+xI6lg=="
    },
    "node_modules/google-protobuf": {
      "version": "3.17.3",
      "resolved": "https://registry.npmjs.org/google-protobuf/-/google-protobuf-3.17.3.tgz",
      "integrity": "sha512-OVPzcSWIAJ+d5yiHyeaLrdufQtrvaBrF4JQg+z8ynTkbO3uFcujqXszTumqg1cGsAsjkWnI+M5B1xZ19yR4Wyg=="
    }
  },
  "dependencies": {
    "@types/google-protobuf": {
      "version": "3.15.2",
      "resolved": "https://registry.npmjs.org/@types/google-protobuf/-/google-protobuf-3.15.2.tgz",
      "integrity": "sha512-ubeqvw7sl6CdgeiIilsXB2jIFoD/D0F+/LIEp7xEBEXRNtDJcf05FRINybsJtL7GlkWOUVn6gJs2W9OF+xI6lg=="
    },
    "google-protobuf": {
      "version": "3.17.3",
      "resolved": "https://registry.npmjs.org/google-protobuf/-/google-protobuf-3.17.3.tgz",
      "integrity": "sha512-OVPzcSWIAJ+d5yiHyeaLrdufQtrvaBrF4JQg+z8ynTkbO3uFcujqXszTumqg1cGsAsjkWnI+M5B1xZ19yR4Wyg=="
    }
  }
}
